
Microsoft Visual Studio Solution File, Format Version 12.00
# Visual Studio Version 16
VisualStudioVersion = 16.0.810.25
MinimumVisualStudioVersion = 10.0.40219.1
Project("{FAE04EC0-301F-11D3-BF4B-00C04F79EFBC}") = "PoliceWork", "PoliceWork.csproj", "{DC2C58CA-2E0E-4744-BBDE-EA7C05B105BD}"
EndProject
Global
	GlobalSection(SolutionConfigurationPlatforms) = preSolution
		Debug|Any CPU = Debug|Any CPU
		Release|Any CPU = Release|Any CPU
	EndGlobalSection
	GlobalSection(ProjectConfigurationPlatforms) = postSolution
		{DC2C58CA-2E0E-4744-BBDE-EA7C05B105BD}.Debug|Any CPU.ActiveCfg = Debug|Any CPU
		{DC2C58CA-2E0E-4744-BBDE-EA7C05B105BD}.Debug|Any CPU.Build.0 = Debug|Any CPU
		{DC2C58CA-2E0E-4744-BBDE-EA7C05B105BD}.Release|Any CPU.ActiveCfg = Release|Any CPU
		{DC2C58CA-2E0E-4744-BBDE-EA7C05B105BD}.Release|Any CPU.Build.0 = Release|Any CPU
	EndGlobalSection
	GlobalSection(SolutionProperties) = preSolution
		HideSolutionNode = FALSE
	EndGlobalSection
	GlobalSection(ExtensibilityGlobals) = postSolution
		SolutionGuid = {A5FE4C59-FF01-45EE-A6F6-1AFD04E77D35}
	EndGlobalSection
EndGlobal
